PODS:
  - Flutter (1.0.0)
  - u_calendar_view_dart (0.0.1):
    - Flutter

DEPENDENCIES:
  - Flutter (from `Flutter`)
  - u_calendar_view_dart (from `.symlinks/plugins/u_calendar_view_dart/ios`)

EXTERNAL SOURCES:
  Flutter:
    :path: Flutter
  u_calendar_view_dart:
    :path: ".symlinks/plugins/u_calendar_view_dart/ios"

SPEC CHECKSUMS:
  Flutter: e0871f40cf51350855a761d2e70bf5af5b9b5de7
  u_calendar_view_dart: 5c46899ced12748536950cdd9c3150a0768259b6

PODFILE CHECKSUM: c4c93c5f6502fe2754f48404d3594bf779584011

COCOAPODS: 1.15.2
